{
    "_readme": [
        "This file locks the dependencies of your project to a known state",
        "Read more about it at https://getcomposer.org/doc/01-basic-usage.md#composer-lock-the-lock-file",
        "This file is @generated automatically"
    ],
    "hash": "cdeeb27ff631b599a8207b36be6b6b29",
    "content-hash": "3bc0b9997d5d514d8117b7d38c53c2d5",
    "packages": [
        {
            "name": "lesmyrmidons/zsh-config",
            "version": "1.2",
            "source": {
                "type": "git",
                "url": "git@github.com:lesmyrmidons/zsh-config.git",
                "reference": "cf815d6aa3388a1fe931b918c6e8fa5b2d1aa034"
            },
            "type": "library",
            "license": [
                "MIT"
            ],
            "authors": [
                {
                    "name": "Kevin ARBOUIN",
                    "email": "lesmyrmidons@gmail.com"
                }
            ],
            "description": "Configuration Zsh",
            "time": "2016-10-05 10:16:09"
        }
    ],
    "packages-dev": [],
    "aliases": [],
    "minimum-stability": "dev",
    "stability-flags": [],
    "prefer-stable": true,
    "prefer-lowest": false,
    "platform": [],
    "platform-dev": []
}
