{
    "_readme": [
        "This file locks the dependencies of your project to a known state",
        "Read more about it at https://getcomposer.org/doc/01-basic-usage.md#installing-dependencies",
        "This file is @generated automatically"
    ],
    "content-hash": "ea3142e9ed7147d256ba432075908c5a",
    "packages": [
        {
            "name": "lesmyrmidons/zsh-config",
            "version": "1.3",
            "source": {
                "type": "git",
                "url": "git@github.com:lesmyrmidons/zsh-config.git",
                "reference": "0f2437b757d24645728d20d6cbe975211d918ff8"
            },
            "type": "library",
            "license": [
                "MIT"
            ],
            "authors": [
                {
                    "name": "Kevin ARBOUIN",
                    "email": "lesmyrmidons@gmail.com"
                }
            ],
            "description": "Configuration Zsh",
            "time": "2017-08-18T16:21:53+00:00"
        },
        {
            "name": "ocramius/package-versions",
            "version": "1.3.0",
            "source": {
                "type": "git",
                "url": "https://github.com/Ocramius/PackageVersions.git",
                "reference": "4489d5002c49d55576fa0ba786f42dbb009be46f"
            },
            "dist": {
                "type": "zip",
                "url": "https://api.github.com/repos/Ocramius/PackageVersions/zipball/4489d5002c49d55576fa0ba786f42dbb009be46f",
                "reference": "4489d5002c49d55576fa0ba786f42dbb009be46f",
                "shasum": ""
            },
            "require": {
                "composer-plugin-api": "^1.0.0",
                "php": "^7.1.0"
            },
            "require-dev": {
                "composer/composer": "^1.6.3",
                "ext-zip": "*",
                "infection/infection": "^0.7.1",
                "phpunit/phpunit": "^7.0.0"
            },
            "type": "composer-plugin",
            "extra": {
                "class": "PackageVersions\\Installer",
                "branch-alias": {
                    "dev-master": "2.0.x-dev"
                }
            },
            "autoload": {
                "psr-4": {
                    "PackageVersions\\": "src/PackageVersions"
                }
            },
            "notification-url": "https://packagist.org/downloads/",
            "license": [
                "MIT"
            ],
            "authors": [
                {
                    "name": "Marco Pivetta",
                    "email": "ocramius@gmail.com"
                }
            ],
            "description": "Composer plugin that provides efficient querying for installed package versions (no runtime IO)",
            "time": "2018-02-05T13:05:30+00:00"
        }
    ],
    "packages-dev": [],
    "aliases": [],
    "minimum-stability": "dev",
    "stability-flags": [],
    "prefer-stable": true,
    "prefer-lowest": false,
    "platform": [],
    "platform-dev": []
}
